// !$*UTF8*$!
{
	archiveVersion = 1;
	classes = {
	};
	objectVersion = 48;
	objects = {

/* Begin PBXBuildFile section */
		E73873FB1FC9F9B8009C3C28 /* HTMLEncoder.swift in Sources */ = {isa = PBXBuildFile; fileRef = E73873FA1FC9F9B8009C3C28 /* HTMLEncoder.swift */; };
		E73873FD1FC9F9C6009C3C28 /* HTMLDecoder.swift in Sources */ = {isa = PBXBuildFile; fileRef = E73873FC1FC9F9C6009C3C28 /* HTMLDecoder.swift */; };
		E73C6FED1FBFD05D009B0D7F /* RecordDecoder.swift in Sources */ = {isa = PBXBuildFile; fileRef = E73C6FEC1FBFD05D009B0D7F /* RecordDecoder.swift */; };
		E73C6FEF1FC09134009B0D7F /* RecordEncoder.swift in Sources */ = {isa = PBXBuildFile; fileRef = E73C6FEE1FC09134009B0D7F /* RecordEncoder.swift */; };
		E7492C1C1FD0AD3C001E60AF /* Icons.swift in Sources */ = {isa = PBXBuildFile; fileRef = E7492C1B1FD0AD3C001E60AF /* Icons.swift */; };
		E79E52961FBF9F9300FCAD98 /* R0Kit.framework in Frameworks */ = {isa = PBXBuildFile; fileRef = E79E528C1FBF9F9300FCAD98 /* R0Kit.framework */; };
		E79E529B1FBF9F9300FCAD98 /* R0KitTests.swift in Sources */ = {isa = PBXBuildFile; fileRef = E79E529A1FBF9F9300FCAD98 /* R0KitTests.swift */; };
		E79E52AE1FBFA1E600FCAD98 /* Photos.swift in Sources */ = {isa = PBXBuildFile; fileRef = E79E52A71FBFA1E400FCAD98 /* Photos.swift */; };
		E79E52AF1FBFA1E600FCAD98 /* XOS.swift in Sources */ = {isa = PBXBuildFile; fileRef = E79E52A81FBFA1E400FCAD98 /* XOS.swift */; };
		E79E52B01FBFA1E600FCAD98 /* Xnet.swift in Sources */ = {isa = PBXBuildFile; fileRef = E79E52A91FBFA1E400FCAD98 /* Xnet.swift */; };
		E79E52B11FBFA1E600FCAD98 /* TagListView.swift in Sources */ = {isa = PBXBuildFile; fileRef = E79E52AA1FBFA1E500FCAD98 /* TagListView.swift */; };
		E79E52B21FBFA1E600FCAD98 /* Cloud.swift in Sources */ = {isa = PBXBuildFile; fileRef = E79E52AB1FBFA1E500FCAD98 /* Cloud.swift */; };
		E79E52B31FBFA1E600FCAD98 /* XUI.swift in Sources */ = {isa = PBXBuildFile; fileRef = E79E52AC1FBFA1E500FCAD98 /* XUI.swift */; };
		E79E52B61FBFA21300FCAD98 /* DataModel.swift in Sources */ = {isa = PBXBuildFile; fileRef = E79E52B41FBFA21200FCAD98 /* DataModel.swift */; };
		E79E52B71FBFA21300FCAD98 /* Transcript.swift in Sources */ = {isa = PBXBuildFile; fileRef = E79E52B51FBFA21300FCAD98 /* Transcript.swift */; };
		E7CD96EB1FD9E01C0098D603 /* CollectionView.swift in Sources */ = {isa = PBXBuildFile; fileRef = E7CD96EA1FD9E01C0098D603 /* CollectionView.swift */; };
/* End PBXBuildFile section */

/* Begin PBXContainerItemProxy section */
		E79E52971FBF9F9300FCAD98 /* PBXContainerItemProxy */ = {
			isa = PBXContainerItemProxy;
			containerPortal = E79E52831FBF9F9300FCAD98 /* Project object */;
			proxyType = 1;
			remoteGlobalIDString = E79E528B1FBF9F9300FCAD98;
			remoteInfo = R0Kit;
		};
/* End PBXContainerItemProxy section */

/* Begin PBXFileReference section */
		E701E0811FDBAC87006FE884 /* R0Kit.playground */ = {isa = PBXFileReference; lastKnownFileType = file.playground; path = R0Kit.playground; sourceTree = "<group>"; xcLanguageSpecificationIdentifier = xcode.lang.swift; };
		E73873FA1FC9F9B8009C3C28 /* HTMLEncoder.swift */ = {isa = PBXFileReference; lastKnownFileType = sourcecode.swift; path = HTMLEncoder.swift; sourceTree = "<group>"; };
		E73873FC1FC9F9C6009C3C28 /* HTMLDecoder.swift */ = {isa = PBXFileReference; lastKnownFileType = sourcecode.swift; path = HTMLDecoder.swift; sourceTree = "<group>"; };
		E73C6FEC1FBFD05D009B0D7F /* RecordDecoder.swift */ = {isa = PBXFileReference; lastKnownFileType = sourcecode.swift; path = RecordDecoder.swift; sourceTree = "<group>"; };
		E73C6FEE1FC09134009B0D7F /* RecordEncoder.swift */ = {isa = PBXFileReference; lastKnownFileType = sourcecode.swift; path = RecordEncoder.swift; sourceTree = "<group>"; };
		E7492C1B1FD0AD3C001E60AF /* Icons.swift */ = {isa = PBXFileReference; lastKnownFileType = sourcecode.swift; path = Icons.swift; sourceTree = "<group>"; };
		E79E528C1FBF9F9300FCAD98 /* R0Kit.framework */ = {isa = PBXFileReference; explicitFileType = wrapper.framework; includeInIndex = 0; path = R0Kit.framework; sourceTree = BUILT_PRODUCTS_DIR; };
		E79E52901FBF9F9300FCAD98 /* Info.plist */ = {isa = PBXFileReference; lastKnownFileType = text.plist.xml; path = Info.plist; sourceTree = "<group>"; };
		E79E52951FBF9F9300FCAD98 /* R0KitTests.xctest */ = {isa = PBXFileReference; explicitFileType = wrapper.cfbundle; includeInIndex = 0; path = R0KitTests.xctest; sourceTree = BUILT_PRODUCTS_DIR; };
		E79E529A1FBF9F9300FCAD98 /* R0KitTests.swift */ = {isa = PBXFileReference; lastKnownFileType = sourcecode.swift; path = R0KitTests.swift; sourceTree = "<group>"; };
		E79E529C1FBF9F9300FCAD98 /* Info.plist */ = {isa = PBXFileReference; lastKnownFileType = text.plist.xml; path = Info.plist; sourceTree = "<group>"; };
		E79E52A71FBFA1E400FCAD98 /* Photos.swift */ = {isa = PBXFileReference; lastKnownFileType = sourcecode.swift; path = Photos.swift; sourceTree = "<group>"; };
		E79E52A81FBFA1E400FCAD98 /* XOS.swift */ = {isa = PBXFileReference; lastKnownFileType = sourcecode.swift; path = XOS.swift; sourceTree = "<group>"; };
		E79E52A91FBFA1E400FCAD98 /* Xnet.swift */ = {isa = PBXFileReference; lastKnownFileType = sourcecode.swift; path = Xnet.swift; sourceTree = "<group>"; };
		E79E52AA1FBFA1E500FCAD98 /* TagListView.swift */ = {isa = PBXFileReference; fileEncoding = 4; lastKnownFileType = sourcecode.swift; path = TagListView.swift; sourceTree = "<group>"; };
		E79E52AB1FBFA1E500FCAD98 /* Cloud.swift */ = {isa = PBXFileReference; lastKnownFileType = sourcecode.swift; path = Cloud.swift; sourceTree = "<group>"; };
		E79E52AC1FBFA1E500FCAD98 /* XUI.swift */ = {isa = PBXFileReference; lastKnownFileType = sourcecode.swift; path = XUI.swift; sourceTree = "<group>"; };
		E79E52B41FBFA21200FCAD98 /* DataModel.swift */ = {isa = PBXFileReference; lastKnownFileType = sourcecode.swift; path = DataModel.swift; sourceTree = "<group>"; };
		E79E52B51FBFA21300FCAD98 /* Transcript.swift */ = {isa = PBXFileReference; lastKnownFileType = sourcecode.swift; path = Transcript.swift; sourceTree = "<group>"; };
		E79E52B81FBFA23F00FCAD98 /* module.modulemap */ = {isa = PBXFileReference; fileEncoding = 4; lastKnownFileType = "sourcecode.module-map"; path = module.modulemap; sourceTree = "<group>"; };
		E79E52B91FBFA23F00FCAD98 /* module.modulemap */ = {isa = PBXFileReference; fileEncoding = 4; lastKnownFileType = "sourcecode.module-map"; path = module.modulemap; sourceTree = "<group>"; };
		E79E52BA1FBFA24000FCAD98 /* module.modulemap */ = {isa = PBXFileReference; fileEncoding = 4; lastKnownFileType = "sourcecode.module-map"; path = module.modulemap; sourceTree = "<group>"; };
		E79E52C31FBFC04300FCAD98 /* Broken.playground */ = {isa = PBXFileReference; lastKnownFileType = file.playground; path = Broken.playground; sourceTree = "<group>"; xcLanguageSpecificationIdentifier = xcode.lang.swift; };
		E7C384681FDDF2170008F729 /* Icon.playground */ = {isa = PBXFileReference; lastKnownFileType = file.playground; path = Icon.playground; sourceTree = "<group>"; xcLanguageSpecificationIdentifier = xcode.lang.swift; };
		E7CD96EA1FD9E01C0098D603 /* CollectionView.swift */ = {isa = PBXFileReference; lastKnownFileType = sourcecode.swift; path = CollectionView.swift; sourceTree = "<group>"; };
/* End PBXFileReference section */

/* Begin PBXFrameworksBuildPhase section */
		E79E52881FBF9F9300FCAD98 /* Frameworks */ = {
			isa = PBXFrameworksBuildPhase;
			buildActionMask = 2147483647;
			files = (
			);
			runOnlyForDeploymentPostprocessing = 0;
		};
		E79E52921FBF9F9300FCAD98 /* Frameworks */ = {
			isa = PBXFrameworksBuildPhase;
			buildActionMask = 2147483647;
			files = (
				E79E52961FBF9F9300FCAD98 /* R0Kit.framework in Frameworks */,
			);
			runOnlyForDeploymentPostprocessing = 0;
		};
/* End PBXFrameworksBuildPhase section */

/* Begin PBXGroup section */
		E71B96211FD85AB00053BB3F /* Frameworks */ = {
			isa = PBXGroup;
			children = (
			);
			name = Frameworks;
			sourceTree = "<group>";
		};
		E79E52821FBF9F9300FCAD98 = {
			isa = PBXGroup;
			children = (
				E7C384681FDDF2170008F729 /* Icon.playground */,
				E701E0811FDBAC87006FE884 /* R0Kit.playground */,
				E79E52C31FBFC04300FCAD98 /* Broken.playground */,
				E79E528E1FBF9F9300FCAD98 /* R0Kit */,
				E79E52991FBF9F9300FCAD98 /* R0KitTests */,
				E79E528D1FBF9F9300FCAD98 /* Products */,
				E71B96211FD85AB00053BB3F /* Frameworks */,
			);
			sourceTree = "<group>";
		};
		E79E528D1FBF9F9300FCAD98 /* Products */ = {
			isa = PBXGroup;
			children = (
				E79E528C1FBF9F9300FCAD98 /* R0Kit.framework */,
				E79E52951FBF9F9300FCAD98 /* R0KitTests.xctest */,
			);
			name = Products;
			sourceTree = "<group>";
		};
		E79E528E1FBF9F9300FCAD98 /* R0Kit */ = {
			isa = PBXGroup;
			children = (
				E73C6FEC1FBFD05D009B0D7F /* RecordDecoder.swift */,
				E73C6FEE1FC09134009B0D7F /* RecordEncoder.swift */,
				E73873FA1FC9F9B8009C3C28 /* HTMLEncoder.swift */,
				E73873FC1FC9F9C6009C3C28 /* HTMLDecoder.swift */,
				E79E52AA1FBFA1E500FCAD98 /* TagListView.swift */,
				E7CD96EA1FD9E01C0098D603 /* CollectionView.swift */,
				E79E52AC1FBFA1E500FCAD98 /* XUI.swift */,
				E79E52A81FBFA1E400FCAD98 /* XOS.swift */,
				E79E52A91FBFA1E400FCAD98 /* Xnet.swift */,
				E7492C1B1FD0AD3C001E60AF /* Icons.swift */,
				E79E52AB1FBFA1E500FCAD98 /* Cloud.swift */,
				E79E52A71FBFA1E400FCAD98 /* Photos.swift */,
				E79E52B41FBFA21200FCAD98 /* DataModel.swift */,
				E79E52B51FBFA21300FCAD98 /* Transcript.swift */,
				E79E52901FBF9F9300FCAD98 /* Info.plist */,
				E79E52BB1FBFA27E00FCAD98 /* macosx */,
				E79E52BC1FBFA2AC00FCAD98 /* iphoneos */,
				E79E52BD1FBFA2CD00FCAD98 /* iphonesimulator */,
			);
			path = R0Kit;
			sourceTree = "<group>";
		};
		E79E52991FBF9F9300FCAD98 /* R0KitTests */ = {
			isa = PBXGroup;
			children = (
				E79E529A1FBF9F9300FCAD98 /* R0KitTests.swift */,
				E79E529C1FBF9F9300FCAD98 /* Info.plist */,
			);
			path = R0KitTests;
			sourceTree = "<group>";
		};
		E79E52BB1FBFA27E00FCAD98 /* macosx */ = {
			isa = PBXGroup;
			children = (
				E79E52B91FBFA23F00FCAD98 /* module.modulemap */,
			);
			path = macosx;
			sourceTree = "<group>";
		};
		E79E52BC1FBFA2AC00FCAD98 /* iphoneos */ = {
			isa = PBXGroup;
			children = (
				E79E52BA1FBFA24000FCAD98 /* module.modulemap */,
			);
			path = iphoneos;
			sourceTree = "<group>";
		};
		E79E52BD1FBFA2CD00FCAD98 /* iphonesimulator */ = {
			isa = PBXGroup;
			children = (
				E79E52B81FBFA23F00FCAD98 /* module.modulemap */,
			);
			path = iphonesimulator;
			sourceTree = "<group>";
		};
/* End PBXGroup section */

/* Begin PBXHeadersBuildPhase section */
		E79E52891FBF9F9300FCAD98 /* Headers */ = {
			isa = PBXHeadersBuildPhase;
			buildActionMask = 2147483647;
			files = (
			);
			runOnlyForDeploymentPostprocessing = 0;
		};
/* End PBXHeadersBuildPhase section */

/* Begin PBXNativeTarget section */
		E79E528B1FBF9F9300FCAD98 /* R0Kit */ = {
			isa = PBXNativeTarget;
			buildConfigurationList = E79E52A01FBF9F9300FCAD98 /* Build configuration list for PBXNativeTarget "R0Kit" */;
			buildPhases = (
				E79E52871FBF9F9300FCAD98 /* Sources */,
				E79E52881FBF9F9300FCAD98 /* Frameworks */,
				E79E52891FBF9F9300FCAD98 /* Headers */,
				E79E528A1FBF9F9300FCAD98 /* Resources */,
			);
			buildRules = (
			);
			dependencies = (
			);
			name = R0Kit;
			productName = R0Kit;
			productReference = E79E528C1FBF9F9300FCAD98 /* R0Kit.framework */;
			productType = "com.apple.product-type.framework";
		};
		E79E52941FBF9F9300FCAD98 /* R0KitTests */ = {
			isa = PBXNativeTarget;
			buildConfigurationList = E79E52A31FBF9F9300FCAD98 /* Build configuration list for PBXNativeTarget "R0KitTests" */;
			buildPhases = (
				E79E52911FBF9F9300FCAD98 /* Sources */,
				E79E52921FBF9F9300FCAD98 /* Frameworks */,
				E79E52931FBF9F9300FCAD98 /* Resources */,
			);
			buildRules = (
			);
			dependencies = (
				E79E52981FBF9F9300FCAD98 /* PBXTargetDependency */,
			);
			name = R0KitTests;
			productName = R0KitTests;
			productReference = E79E52951FBF9F9300FCAD98 /* R0KitTests.xctest */;
			productType = "com.apple.product-type.bundle.unit-test";
		};
/* End PBXNativeTarget section */

/* Begin PBXProject section */
		E79E52831FBF9F9300FCAD98 /* Project object */ = {
			isa = PBXProject;
			attributes = {
				LastSwiftUpdateCheck = 0910;
				LastUpgradeCheck = 0910;
				ORGANIZATIONNAME = Semasiology;
				TargetAttributes = {
					E79E528B1FBF9F9300FCAD98 = {
						CreatedOnToolsVersion = 9.1;
						ProvisioningStyle = Automatic;
					};
					E79E52941FBF9F9300FCAD98 = {
						CreatedOnToolsVersion = 9.1;
						ProvisioningStyle = Automatic;
					};
				};
			};
			buildConfigurationList = E79E52861FBF9F9300FCAD98 /* Build configuration list for PBXProject "R0Kit" */;
			compatibilityVersion = "Xcode 8.0";
			developmentRegion = en;
			hasScannedForEncodings = 0;
			knownRegions = (
				en,
			);
			mainGroup = E79E52821FBF9F9300FCAD98;
			productRefGroup = E79E528D1FBF9F9300FCAD98 /* Products */;
			projectDirPath = "";
			projectRoot = "";
			targets = (
				E79E528B1FBF9F9300FCAD98 /* R0Kit */,
				E79E52941FBF9F9300FCAD98 /* R0KitTests */,
			);
		};
/* End PBXProject section */

/* Begin PBXResourcesBuildPhase section */
		E79E528A1FBF9F9300FCAD98 /* Resources */ = {
			isa = PBXResourcesBuildPhase;
			buildActionMask = 2147483647;
			files = (
			);
			runOnlyForDeploymentPostprocessing = 0;
		};
		E79E52931FBF9F9300FCAD98 /* Resources */ = {
			isa = PBXResourcesBuildPhase;
			buildActionMask = 2147483647;
			files = (
			);
			runOnlyForDeploymentPostprocessing = 0;
		};
/* End PBXResourcesBuildPhase section */

/* Begin PBXSourcesBuildPhase section */
		E79E52871FBF9F9300FCAD98 /* Sources */ = {
			isa = PBXSourcesBuildPhase;
			buildActionMask = 2147483647;
			files = (
				E7492C1C1FD0AD3C001E60AF /* Icons.swift in Sources */,
				E79E52B11FBFA1E600FCAD98 /* TagListView.swift in Sources */,
				E7CD96EB1FD9E01C0098D603 /* CollectionView.swift in Sources */,
				E73873FB1FC9F9B8009C3C28 /* HTMLEncoder.swift in Sources */,
				E79E52B21FBFA1E600FCAD98 /* Cloud.swift in Sources */,
				E79E52B01FBFA1E600FCAD98 /* Xnet.swift in Sources */,
				E73873FD1FC9F9C6009C3C28 /* HTMLDecoder.swift in Sources */,
				E79E52B31FBFA1E600FCAD98 /* XUI.swift in Sources */,
				E79E52AE1FBFA1E600FCAD98 /* Photos.swift in Sources */,
				E73C6FED1FBFD05D009B0D7F /* RecordDecoder.swift in Sources */,
				E79E52B61FBFA21300FCAD98 /* DataModel.swift in Sources */,
				E79E52AF1FBFA1E600FCAD98 /* XOS.swift in Sources */,
				E73C6FEF1FC09134009B0D7F /* RecordEncoder.swift in Sources */,
				E79E52B71FBFA21300FCAD98 /* Transcript.swift in Sources */,
			);
			runOnlyForDeploymentPostprocessing = 0;
		};
		E79E52911FBF9F9300FCAD98 /* Sources */ = {
			isa = PBXSourcesBuildPhase;
			buildActionMask = 2147483647;
			files = (
				E79E529B1FBF9F9300FCAD98 /* R0KitTests.swift in Sources */,
			);
			runOnlyForDeploymentPostprocessing = 0;
		};
/* End PBXSourcesBuildPhase section */

/* Begin PBXTargetDependency section */
		E79E52981FBF9F9300FCAD98 /* PBXTargetDependency */ = {
			isa = PBXTargetDependency;
			target = E79E528B1FBF9F9300FCAD98 /* R0Kit */;
			targetProxy = E79E52971FBF9F9300FCAD98 /* PBXContainerItemProxy */;
		};
/* End PBXTargetDependency section */

/* Begin XCBuildConfiguration section */
		E79E529E1FBF9F9300FCAD98 /* Debug */ = {
			isa = XCBuildConfiguration;
			buildSettings = {
				ALWAYS_SEARCH_USER_PATHS = NO;
				CLANG_ANALYZER_NONNULL = YES;
				CLANG_ANALYZER_NUMBER_OBJECT_CONVERSION = YES_AGGRESSIVE;
				CLANG_CXX_LANGUAGE_STANDARD = "gnu++14";
				CLANG_CXX_LIBRARY = "libc++";
				CLANG_ENABLE_MODULES = YES;
				CLANG_ENABLE_OBJC_ARC = YES;
				CLANG_WARN_BLOCK_CAPTURE_AUTORELEASING = YES;
				CLANG_WARN_BOOL_CONVERSION = YES;
				CLANG_WARN_COMMA = YES;
				CLANG_WARN_CONSTANT_CONVERSION = YES;
				CLANG_WARN_DIRECT_OBJC_ISA_USAGE = YES_ERROR;
				CLANG_WARN_DOCUMENTATION_COMMENTS = YES;
				CLANG_WARN_EMPTY_BODY = YES;
				CLANG_WARN_ENUM_CONVERSION = YES;
				CLANG_WARN_INFINITE_RECURSION = YES;
				CLANG_WARN_INT_CONVERSION = YES;
				CLANG_WARN_NON_LITERAL_NULL_CONVERSION = YES;
				CLANG_WARN_OBJC_LITERAL_CONVERSION = YES;
				CLANG_WARN_OBJC_ROOT_CLASS = YES_ERROR;
				CLANG_WARN_RANGE_LOOP_ANALYSIS = YES;
				CLANG_WARN_STRICT_PROTOTYPES = YES;
				CLANG_WARN_SUSPICIOUS_MOVE = YES;
				CLANG_WARN_UNGUARDED_AVAILABILITY = YES_AGGRESSIVE;
				CLANG_WARN_UNREACHABLE_CODE = YES;
				CLANG_WARN__DUPLICATE_METHOD_MATCH = YES;
				CODE_SIGN_IDENTITY = "Mac Developer";
				COPY_PHASE_STRIP = NO;
				CURRENT_PROJECT_VERSION = 1;
				DEBUG_INFORMATION_FORMAT = dwarf;
				ENABLE_STRICT_OBJC_MSGSEND = YES;
				ENABLE_TESTABILITY = YES;
				GCC_C_LANGUAGE_STANDARD = gnu11;
				GCC_DYNAMIC_NO_PIC = NO;
				GCC_NO_COMMON_BLOCKS = YES;
				GCC_OPTIMIZATION_LEVEL = 0;
				GCC_PREPROCESSOR_DEFINITIONS = (
					"DEBUG=1",
					"$(inherited)",
				);
				GCC_WARN_64_TO_32_BIT_CONVERSION = YES;
				GCC_WARN_ABOUT_RETURN_TYPE = YES_ERROR;
				GCC_WARN_UNDECLARED_SELECTOR = YES;
				GCC_WARN_UNINITIALIZED_AUTOS = YES_AGGRESSIVE;
				GCC_WARN_UNUSED_FUNCTION = YES;
				GCC_WARN_UNUSED_VARIABLE = YES;
				IPHONEOS_DEPLOYMENT_TARGET = 10.3;
				MACOSX_DEPLOYMENT_TARGET = 10.13;
				MTL_ENABLE_DEBUG_INFO = YES;
				ONLY_ACTIVE_ARCH = YES;
				SUPPORTED_PLATFORMS = "macosx iphoneos iphonesimulator";
				SWIFT_ACTIVE_COMPILATION_CONDITIONS = DEBUG;
				"SWIFT_INCLUDE_PATHS[sdk=iphoneos*]" = "$(SRCROOT)/R0Kit/iphoneos";
				"SWIFT_INCLUDE_PATHS[sdk=iphonesimulator*]" = "$(SRCROOT)/R0Kit/iphonesimulator";
				"SWIFT_INCLUDE_PATHS[sdk=macosx*]" = "$(SRCROOT)/R0Kit/macosx";
				SWIFT_OPTIMIZATION_LEVEL = "-Onone";
				VALID_ARCHS = "arm64 armv7 armv7s i386 x86_64";
				VERSIONING_SYSTEM = "apple-generic";
				VERSION_INFO_PREFIX = "";
			};
			name = Debug;
		};
		E79E529F1FBF9F9300FCAD98 /* Release */ = {
			isa = XCBuildConfiguration;
			buildSettings = {
				ALWAYS_SEARCH_USER_PATHS = NO;
				CLANG_ANALYZER_NONNULL = YES;
				CLANG_ANALYZER_NUMBER_OBJECT_CONVERSION = YES_AGGRESSIVE;
				CLANG_CXX_LANGUAGE_STANDARD = "gnu++14";
				CLANG_CXX_LIBRARY = "libc++";
				CLANG_ENABLE_MODULES = YES;
				CLANG_ENABLE_OBJC_ARC = YES;
				CLANG_WARN_BLOCK_CAPTURE_AUTORELEASING = YES;
				CLANG_WARN_BOOL_CONVERSION = YES;
				CLANG_WARN_COMMA = YES;
				CLANG_WARN_CONSTANT_CONVERSION = YES;
				CLANG_WARN_DIRECT_OBJC_ISA_USAGE = YES_ERROR;
				CLANG_WARN_DOCUMENTATION_COMMENTS = YES;
				CLANG_WARN_EMPTY_BODY = YES;
				CLANG_WARN_ENUM_CONVERSION = YES;
				CLANG_WARN_INFINITE_RECURSION = YES;
				CLANG_WARN_INT_CONVERSION = YES;
				CLANG_WARN_NON_LITERAL_NULL_CONVERSION = YES;
				CLANG_WARN_OBJC_LITERAL_CONVERSION = YES;
				CLANG_WARN_OBJC_ROOT_CLASS = YES_ERROR;
				CLANG_WARN_RANGE_LOOP_ANALYSIS = YES;
				CLANG_WARN_STRICT_PROTOTYPES = YES;
				CLANG_WARN_SUSPICIOUS_MOVE = YES;
				CLANG_WARN_UNGUARDED_AVAILABILITY = YES_AGGRESSIVE;
				CLANG_WARN_UNREACHABLE_CODE = YES;
				CLANG_WARN__DUPLICATE_METHOD_MATCH = YES;
				CODE_SIGN_IDENTITY = "Mac Developer";
				COPY_PHASE_STRIP = NO;
				CURRENT_PROJECT_VERSION = 1;
				DEBUG_INFORMATION_FORMAT = "dwarf-with-dsym";
				ENABLE_NS_ASSERTIONS = NO;
				ENABLE_STRICT_OBJC_MSGSEND = YES;
				GCC_C_LANGUAGE_STANDARD = gnu11;
				GCC_NO_COMMON_BLOCKS = YES;
				GCC_WARN_64_TO_32_BIT_CONVERSION = YES;
				GCC_WARN_ABOUT_RETURN_TYPE = YES_ERROR;
				GCC_WARN_UNDECLARED_SELECTOR = YES;
				GCC_WARN_UNINITIALIZED_AUTOS = YES_AGGRESSIVE;
				GCC_WARN_UNUSED_FUNCTION = YES;
				GCC_WARN_UNUSED_VARIABLE = YES;
				IPHONEOS_DEPLOYMENT_TARGET = 10.3;
				MACOSX_DEPLOYMENT_TARGET = 10.13;
				MTL_ENABLE_DEBUG_INFO = NO;
				SUPPORTED_PLATFORMS = "macosx iphoneos iphonesimulator";
				"SWIFT_INCLUDE_PATHS[sdk=iphoneos*]" = "$(SRCROOT)/R0Kit/iphoneos";
				"SWIFT_INCLUDE_PATHS[sdk=iphonesimulator*]" = "$(SRCROOT)/R0Kit/iphonesimulator";
				"SWIFT_INCLUDE_PATHS[sdk=macosx*]" = "$(SRCROOT)/R0Kit/macosx";
				SWIFT_OPTIMIZATION_LEVEL = "-Owholemodule";
				VALID_ARCHS = "arm64 armv7 armv7s i386 x86_64";
				VERSIONING_SYSTEM = "apple-generic";
				VERSION_INFO_PREFIX = "";
			};
			name = Release;
		};
		E79E52A11FBF9F9300FCAD98 /* Debug */ = {
			isa = XCBuildConfiguration;
			buildSettings = {
				CODE_SIGN_IDENTITY = "Mac Developer";
				CODE_SIGN_STYLE = Automatic;
				COMBINE_HIDPI_IMAGES = YES;
				DEFINES_MODULE = YES;
				DEVELOPMENT_TEAM = "";
				DYLIB_COMPATIBILITY_VERSION = 1;
				DYLIB_CURRENT_VERSION = 1;
				DYLIB_INSTALL_NAME_BASE = "@rpath";
				FRAMEWORK_VERSION = A;
				INFOPLIST_FILE = R0Kit/Info.plist;
				INSTALL_PATH = "$(LOCAL_LIBRARY_DIR)/Frameworks";
				LD_RUNPATH_SEARCH_PATHS = "$(inherited) @executable_path/../Frameworks @loader_path/Frameworks";
				PRODUCT_BUNDLE_IDENTIFIER = net.r0ml.R0Kit;
				PRODUCT_NAME = "$(TARGET_NAME:c99extidentifier)";
				PROVISIONING_PROFILE_SPECIFIER = "";
				SKIP_INSTALL = YES;
				SWIFT_VERSION = 4.0;
			};
			name = Debug;
		};
		E79E52A21FBF9F9300FCAD98 /* Release */ = {
			isa = XCBuildConfiguration;
			buildSettings = {
				CODE_SIGN_IDENTITY = "Mac Developer";
				CODE_SIGN_STYLE = Automatic;
				COMBINE_HIDPI_IMAGES = YES;
				DEFINES_MODULE = YES;
				DEVELOPMENT_TEAM = "";
				DYLIB_COMPATIBILITY_VERSION = 1;
				DYLIB_CURRENT_VERSION = 1;
				DYLIB_INSTALL_NAME_BASE = "@rpath";
				FRAMEWORK_VERSION = A;
				INFOPLIST_FILE = R0Kit/Info.plist;
				INSTALL_PATH = "$(LOCAL_LIBRARY_DIR)/Frameworks";
				LD_RUNPATH_SEARCH_PATHS = "$(inherited) @executable_path/../Frameworks @loader_path/Frameworks";
				PRODUCT_BUNDLE_IDENTIFIER = net.r0ml.R0Kit;
				PRODUCT_NAME = "$(TARGET_NAME:c99extidentifier)";
				PROVISIONING_PROFILE_SPECIFIER = "";
				SKIP_INSTALL = YES;
				SWIFT_VERSION = 4.0;
			};
			name = Release;
		};
		E79E52A41FBF9F9300FCAD98 /* Debug */ = {
			isa = XCBuildConfiguration;
			buildSettings = {
				ALWAYS_EMBED_SWIFT_STANDARD_LIBRARIES = YES;
				CODE_SIGN_STYLE = Automatic;
				COMBINE_HIDPI_IMAGES = YES;
				DEVELOPMENT_TEAM = MHEBPE6SV2;
				INFOPLIST_FILE = R0KitTests/Info.plist;
				LD_RUNPATH_SEARCH_PATHS = "$(inherited) @executable_path/../Frameworks @loader_path/../Frameworks";
				PRODUCT_BUNDLE_IDENTIFIER = net.r0ml.R0KitTests;
				PRODUCT_NAME = "$(TARGET_NAME)";
				SWIFT_VERSION = 4.0;
			};
			name = Debug;
		};
		E79E52A51FBF9F9300FCAD98 /* Release */ = {
			isa = XCBuildConfiguration;
			buildSettings = {
				ALWAYS_EMBED_SWIFT_STANDARD_LIBRARIES = YES;
				CODE_SIGN_STYLE = Automatic;
				COMBINE_HIDPI_IMAGES = YES;
				DEVELOPMENT_TEAM = MHEBPE6SV2;
				INFOPLIST_FILE = R0KitTests/Info.plist;
				LD_RUNPATH_SEARCH_PATHS = "$(inherited) @executable_path/../Frameworks @loader_path/../Frameworks";
				PRODUCT_BUNDLE_IDENTIFIER = net.r0ml.R0KitTests;
				PRODUCT_NAME = "$(TARGET_NAME)";
				SWIFT_VERSION = 4.0;
			};
			name = Release;
		};
/* End XCBuildConfiguration section */

/* Begin XCConfigurationList section */
		E79E52861FBF9F9300FCAD98 /* Build configuration list for PBXProject "R0Kit" */ = {
			isa = XCConfigurationList;
			buildConfigurations = (
				E79E529E1FBF9F9300FCAD98 /* Debug */,
				E79E529F1FBF9F9300FCAD98 /* Release */,
			);
			defaultConfigurationIsVisible = 0;
			defaultConfigurationName = Release;
		};
		E79E52A01FBF9F9300FCAD98 /* Build configuration list for PBXNativeTarget "R0Kit" */ = {
			isa = XCConfigurationList;
			buildConfigurations = (
				E79E52A11FBF9F9300FCAD98 /* Debug */,
				E79E52A21FBF9F9300FCAD98 /* Release */,
			);
			defaultConfigurationIsVisible = 0;
			defaultConfigurationName = Release;
		};
		E79E52A31FBF9F9300FCAD98 /* Build configuration list for PBXNativeTarget "R0KitTests" */ = {
			isa = XCConfigurationList;
			buildConfigurations = (
				E79E52A41FBF9F9300FCAD98 /* Debug */,
				E79E52A51FBF9F9300FCAD98 /* Release */,
			);
			defaultConfigurationIsVisible = 0;
			defaultConfigurationName = Release;
		};
/* End XCConfigurationList section */
	};
	rootObject = E79E52831FBF9F9300FCAD98 /* Project object */;
}
